lockfileVersion: '6.0'

settings:
  autoInstallPeers: true
  excludeLinksFromLockfile: false

dependencies:
  react:
    specifier: ^18.3.1
    version: 18.3.1
  react-dom:
    specifier: ^18.3.1
    version: 18.3.1(react@18.3.1)

devDependencies:
  '@biomejs/biome':
    specifier: ^1.8.0
    version: 1.8.1
  '@rsbuild/core':
    specifier: ^0.7.6
    version: 0.7.6
  '@rsbuild/plugin-react':
    specifier: ^0.7.6
    version: 0.7.6(@rsbuild/core@0.7.6)
  '@types/react':
    specifier: ^18.3.3
    version: 18.3.3
  '@types/react-dom':
    specifier: ^18.3.0
    version: 18.3.0
  typescript:
    specifier: ^5.4.2
    version: 5.4.5

packages:

  /@biomejs/biome@1.8.1:
    resolution: {integrity: sha512-fQXGfvq6DIXem12dGQCM2tNF+vsNHH1qs3C7WeOu75Pd0trduoTmoO7G4ntLJ2qDs5wuw981H+cxQhi1uHnAtA==}
    engines: {node: '>=14.21.3'}
    hasBin: true
    requiresBuild: true
    optionalDependencies:
      '@biomejs/cli-darwin-arm64': 1.8.1
      '@biomejs/cli-darwin-x64': 1.8.1
      '@biomejs/cli-linux-arm64': 1.8.1
      '@biomejs/cli-linux-arm64-musl': 1.8.1
      '@biomejs/cli-linux-x64': 1.8.1
      '@biomejs/cli-linux-x64-musl': 1.8.1
      '@biomejs/cli-win32-arm64': 1.8.1
      '@biomejs/cli-win32-x64': 1.8.1
    dev: true

  /@biomejs/cli-darwin-arm64@1.8.1:
    resolution: {integrity: sha512-XLiB7Uu6GALIOBWzQ2aMD0ru4Ly5/qSeQF7kk3AabzJ/kwsEWSe33iVySBP/SS2qv25cgqNiLksjGcw2bHT3mw==}
    engines: {node: '>=14.21.3'}
    cpu: [arm64]
    os: [darwin]
    requiresBuild: true
    dev: true
    optional: true

  /@biomejs/cli-darwin-x64@1.8.1:
    resolution: {integrity: sha512-uMTSxVLMfqkBVqyc25hSn83jBbp+wtWjzM/pHFlKXt3htJuw7FErVGW0nmQ9Sxa9vJ7GcqoltLMl28VQRIMYzg==}
    engines: {node: '>=14.21.3'}
    cpu: [x64]
    os: [darwin]
    requiresBuild: true
    dev: true
    optional: true

  /@biomejs/cli-linux-arm64-musl@1.8.1:
    resolution: {integrity: sha512-UQ8Wc01J0wQL+5AYOc7qkJn20B4PZmQL1KrmDZh7ot0DvD6aX4+8mmfd/dG5b6Zjo/44QvCKcvkFGCMRYuhWZA==}
    engines: {node: '>=14.21.3'}
    cpu: [arm64]
    os: [linux]
    requiresBuild: true
    dev: true
    optional: true

  /@biomejs/cli-linux-arm64@1.8.1:
    resolution: {integrity: sha512-3SzZRuC/9Oi2P2IBNPsEj0KXxSXUEYRR2kfRF/Ve8QAfGgrt4qnwuWd6QQKKN5R+oYH691qjm+cXBKEcrP1v/Q==}
    engines: {node: '>=14.21.3'}
    cpu: [arm64]
    os: [linux]
    requiresBuild: true
    dev: true
    optional: true

  /@biomejs/cli-linux-x64-musl@1.8.1:
    resolution: {integrity: sha512-fYbP/kNu/rtZ4kKzWVocIdqZOtBSUEg9qUhZaao3dy3CRzafR6u6KDtBeSCnt47O+iLnks1eOR1TUxzr5+QuqA==}
    engines: {node: '>=14.21.3'}
    cpu: [x64]
    os: [linux]
    requiresBuild: true
    dev: true
    optional: true

  /@biomejs/cli-linux-x64@1.8.1:
    resolution: {integrity: sha512-AeBycVdNrTzsyYKEOtR2R0Ph0hCD0sCshcp2aOnfGP0hCZbtFg09D0SdKLbyzKntisY41HxKVrydYiaApp+2uw==}
    engines: {node: '>=14.21.3'}
    cpu: [x64]
    os: [linux]
    requiresBuild: true
    dev: true
    optional: true

  /@biomejs/cli-win32-arm64@1.8.1:
    resolution: {integrity: sha512-6tEd1H/iFKpgpE3OIB7oNgW5XkjiVMzMRPL8zYoZ036YfuJ5nMYm9eB9H/y81+8Z76vL48fiYzMPotJwukGPqQ==}
    engines: {node: '>=14.21.3'}
    cpu: [arm64]
    os: [win32]
    requiresBuild: true
    dev: true
    optional: true

  /@biomejs/cli-win32-x64@1.8.1:
    resolution: {integrity: sha512-g2H31jJzYmS4jkvl6TiyEjEX+Nv79a5km/xn+5DARTp5MBFzC9gwceusSSB2AkJKqZzY131AiACAWjKrVt5Ijw==}
    engines: {node: '>=14.21.3'}
    cpu: [x64]
    os: [win32]
    requiresBuild: true
    dev: true
    optional: true

  /@module-federation/runtime-tools@0.1.6:
    resolution: {integrity: sha512-7ILVnzMIa0Dlc0Blck5tVZG1tnk1MmLnuZpLOMpbdW+zl+N6wdMjjHMjEZFCUAJh2E5XJ3BREwfX8Ets0nIkLg==}
    dependencies:
      '@module-federation/runtime': 0.1.6
      '@module-federation/webpack-bundler-runtime': 0.1.6
    dev: true

  /@module-federation/runtime@0.1.6:
    resolution: {integrity: sha512-nj6a+yJ+QxmcE89qmrTl4lphBIoAds0PFPVGnqLRWflwAP88jrCcrrTqRhARegkFDL+wE9AE04+h6jzlbIfMKg==}
    dependencies:
      '@module-federation/sdk': 0.1.6
    dev: true

  /@module-federation/sdk@0.1.6:
    resolution: {integrity: sha512-qifXpyYLM7abUeEOIfv0oTkguZgRZuwh89YOAYIZJlkP6QbRG7DJMQvtM8X2yHXm9PTk0IYNnOJH0vNQCo6auQ==}
    dev: true

  /@module-federation/webpack-bundler-runtime@0.1.6:
    resolution: {integrity: sha512-K5WhKZ4RVNaMEtfHsd/9CNCgGKB0ipbm/tgweNNeC11mEuBTNxJ09Y630vg3WPkKv9vfMCuXg2p2Dk+Q/KWTSA==}
    dependencies:
      '@module-federation/runtime': 0.1.6
      '@module-federation/sdk': 0.1.6
    dev: true

  /@rsbuild/core@0.7.6:
    resolution: {integrity: sha512-m4yrSEfQ7dk+dDTGkU7QzZPuJ7GHRfSuow/CDjwAU2ITR+nmH4JMxY3PdASknj3pRpt6fl+1YAN8pwb0l/toEQ==}
    engines: {node: '>=16.0.0'}
    hasBin: true
    dependencies:
      '@rsbuild/shared': 0.7.6(@swc/helpers@0.5.3)
      '@rspack/core': 0.7.1(@swc/helpers@0.5.3)
      '@swc/helpers': 0.5.3
      core-js: 3.36.1
      html-webpack-plugin: /html-rspack-plugin@5.7.2(@rspack/core@0.7.1)
      postcss: 8.4.38
    dev: true

  /@rsbuild/plugin-react@0.7.6(@rsbuild/core@0.7.6):
    resolution: {integrity: sha512-C1kpS46cwWcKSmmj6pc+GDOMGZIjtvNjeOFkmM/jzh4lnwP3PReszGED6Gqe5hNppO4uN3WV5mrWpeRDgWJBGw==}
    peerDependencies:
      '@rsbuild/core': ^0.7.6
    dependencies:
      '@rsbuild/core': 0.7.6
      '@rsbuild/shared': 0.7.6(@swc/helpers@0.5.3)
      '@rspack/plugin-react-refresh': 0.7.1(react-refresh@0.14.2)
      react-refresh: 0.14.2
    transitivePeerDependencies:
      - '@swc/helpers'
    dev: true

  /@rsbuild/shared@0.7.6(@swc/helpers@0.5.3):
    resolution: {integrity: sha512-fc0v2iB45Yvqb6UIxdqkuGgXPkkAAe0NvvDFkm8wUpenAMxAV8NFzLaOfO905dacbhoXybZkGN4N6hfxSQ/3kw==}
    dependencies:
      '@rspack/core': 0.7.1(@swc/helpers@0.5.3)
      caniuse-lite: 1.0.30001632
      html-webpack-plugin: /html-rspack-plugin@5.7.2(@rspack/core@0.7.1)
      postcss: 8.4.38
    optionalDependencies:
      fsevents: 2.3.3
    transitivePeerDependencies:
      - '@swc/helpers'
    dev: true

  /@rspack/binding-darwin-arm64@0.7.1:
    resolution: {integrity: sha512-nuTZ720C33OZL0otuGy0RYw/AmX7UF/Siq7Kq/sy5T6jtHX7Yy/RWEZG3pKlZWDgbvjHw4jZ+4M9/arTRgMacQ==}
    cpu: [arm64]
    os: [darwin]
    requiresBuild: true
    dev: true
    optional: true

  /@rspack/binding-darwin-x64@0.7.1:
    resolution: {integrity: sha512-GRDmYOUx24dZ5UlayZvMHNySK9m2WUpVkR0rPURI0XMG64+OqOwgbaopmgrDKgMNCOmpieR0q6zP4X5cBH4CNA==}
    cpu: [x64]
    os: [darwin]
    requiresBuild: true
    dev: true
    optional: true

  /@rspack/binding-linux-arm64-gnu@0.7.1:
    resolution: {integrity: sha512-w4pbei0AQZfw5JhbkELY9r4a+jY3fVNfgI+NxqVEcx3oglHfM5bPW0zw6c8B4hMAFEF83+YTvI9yIsPOfUtt0w==}
    cpu: [arm64]
    os: [linux]
    requiresBuild: true
    dev: true
    optional: true

  /@rspack/binding-linux-arm64-musl@0.7.1:
    resolution: {integrity: sha512-rwGTbhJq0a+uWq0dsgR20+x8XB5Vnj1Ejk2V6XjA5mOVxf8W9zRJx2S0RjDF33o/r4YQE4P26FrOHKkR57nKuw==}
    cpu: [arm64]
    os: [linux]
    requiresBuild: true
    dev: true
    optional: true

  /@rspack/binding-linux-x64-gnu@0.7.1:
    resolution: {integrity: sha512-7xtSbOGovZ5A9F7sumbSpDby8DYpKHfbfVnGpmjvngiLYUb3tcVEi1JydFjxbIaebd0hhR4h3rdwjPKbFW7ZVw==}
    cpu: [x64]
    os: [linux]
    requiresBuild: true
    dev: true
    optional: true

  /@rspack/binding-linux-x64-musl@0.7.1:
    resolution: {integrity: sha512-EuOvMlDtpPL4lAetLW0InnZEMdVDoZfZ71vXu1u8/cPlbo32VD76ayymLgOmW0FX4hezKsu40LJKNWjCOmg4eA==}
    cpu: [x64]
    os: [linux]
    requiresBuild: true
    dev: true
    optional: true

  /@rspack/binding-win32-arm64-msvc@0.7.1:
    resolution: {integrity: sha512-e1ZWVErTmrGOQUM4pEwHymS/d+j9W7aeCrD2Bd8HuR1C4+hjlD7BUHCIosZk64uYYct4jI6qMkPE9vkP9942YA==}
    cpu: [arm64]
    os: [win32]
    requiresBuild: true
    dev: true
    optional: true

  /@rspack/binding-win32-ia32-msvc@0.7.1:
    resolution: {integrity: sha512-RrUMGCAh8aZvmHGs1Y5R3fs2TjK1n20SWyuNVb6rAoPjvPT9cxW71XOxnD0bdJm+NEunR7BzL+IdoKAgkFGDog==}
    cpu: [ia32]
    os: [win32]
    requiresBuild: true
    dev: true
    optional: true

  /@rspack/binding-win32-x64-msvc@0.7.1:
    resolution: {integrity: sha512-QNO2gL3XZK5mGjZYVwdEfvBgzJZdQiJ7GR7WGCoVT3duRzueGErTKe1Q0DgDKNN5zzGRgs1FSJFKtKS3eKOGNg==}
    cpu: [x64]
    os: [win32]
    requiresBuild: true
    dev: true
    optional: true

  /@rspack/binding@0.7.1:
    resolution: {integrity: sha512-4C9qRDytKIaExmCExTHPQlONeZMHQK/fyXGlVo/WIK/OLQj6XDshJ0Jk7YHE6XNwai3m3LwNNkEFeluMLVO1yQ==}
    optionalDependencies:
      '@rspack/binding-darwin-arm64': 0.7.1
      '@rspack/binding-darwin-x64': 0.7.1
      '@rspack/binding-linux-arm64-gnu': 0.7.1
      '@rspack/binding-linux-arm64-musl': 0.7.1
      '@rspack/binding-linux-x64-gnu': 0.7.1
      '@rspack/binding-linux-x64-musl': 0.7.1
      '@rspack/binding-win32-arm64-msvc': 0.7.1
      '@rspack/binding-win32-ia32-msvc': 0.7.1
      '@rspack/binding-win32-x64-msvc': 0.7.1
    dev: true

  /@rspack/core@0.7.1(@swc/helpers@0.5.3):
    resolution: {integrity: sha512-ZOVRucpC5FDT00FD5ynEZb7siXVyHnxzoJNhcv67OqtTcaO8e7iQiOE8fHMJM4Z2Ix0zGKQn5/FV9G6MZoH+4w==}
    engines: {node: '>=16.0.0'}
    peerDependencies:
      '@swc/helpers': '>=0.5.1'
    peerDependenciesMeta:
      '@swc/helpers':
        optional: true
    dependencies:
      '@module-federation/runtime-tools': 0.1.6
      '@rspack/binding': 0.7.1
      '@swc/helpers': 0.5.3
      caniuse-lite: 1.0.30001632
      tapable: 2.2.1
      webpack-sources: 3.2.3
    dev: true

  /@rspack/plugin-react-refresh@0.7.1(react-refresh@0.14.2):
    resolution: {integrity: sha512-PVolWxsoFVeEEYfrLaJnPuLuz/pan/yzMow68UBMsk5667FzP5014AE+DIoOh2pIOFD+U3P+ujgz+sJNQ2CCnA==}
    peerDependencies:
      react-refresh: '>=0.10.0 <1.0.0'
    peerDependenciesMeta:
      react-refresh:
        optional: true
    dependencies:
      react-refresh: 0.14.2
    dev: true

  /@swc/helpers@0.5.3:
    resolution: {integrity: sha512-FaruWX6KdudYloq1AHD/4nU+UsMTdNE8CKyrseXWEcgjDAbvkwJg2QGPAnfIJLIWsjZOSPLOAykK6fuYp4vp4A==}
    dependencies:
      tslib: 2.6.3
    dev: true

  /@types/prop-types@15.7.12:
    resolution: {integrity: sha512-5zvhXYtRNRluoE/jAp4GVsSduVUzNWKkOZrCDBWYtE7biZywwdC2AcEzg+cSMLFRfVgeAFqpfNabiPjxFddV1Q==}
    dev: true

  /@types/react-dom@18.3.0:
    resolution: {integrity: sha512-EhwApuTmMBmXuFOikhQLIBUn6uFg81SwLMOAUgodJF14SOBOCMdU04gDoYi0WOJJHD144TL32z4yDqCW3dnkQg==}
    dependencies:
      '@types/react': 18.3.3
    dev: true

  /@types/react@18.3.3:
    resolution: {integrity: sha512-hti/R0pS0q1/xx+TsI73XIqk26eBsISZ2R0wUijXIngRK9R/e7Xw/cXVxQK7R5JjW+SV4zGcn5hXjudkN/pLIw==}
    dependencies:
      '@types/prop-types': 15.7.12
      csstype: 3.1.3
    dev: true

  /caniuse-lite@1.0.30001632:
    resolution: {integrity: sha512-udx3o7yHJfUxMLkGohMlVHCvFvWmirKh9JAH/d7WOLPetlH+LTL5cocMZ0t7oZx/mdlOWXti97xLZWc8uURRHg==}
    dev: true

  /core-js@3.36.1:
    resolution: {integrity: sha512-BTvUrwxVBezj5SZ3f10ImnX2oRByMxql3EimVqMysepbC9EeMUOpLwdy6Eoili2x6E4kf+ZUB5k/+Jv55alPfA==}
    requiresBuild: true
    dev: true

  /csstype@3.1.3:
    resolution: {integrity: sha512-M1uQkMl8rQK/szD0LNhtqxIPLpimGm8sOBwU7lLnCpSbTyY3yeU1Vc7l4KT5zT4s/yOxHH5O7tIuuLOCnLADRw==}
    dev: true

  /fsevents@2.3.3:
    resolution: {integrity: sha512-5xoDfX+fL7faATnagmWPpbFtwh/R77WmMMqqHGS65C3vvB0YHrgF+B1YmZ3441tMj5n63k0212XNoJwzlhffQw==}
    engines: {node: ^8.16.0 || ^10.6.0 || >=11.0.0}
    os: [darwin]
    requiresBuild: true
    dev: true
    optional: true

  /html-rspack-plugin@5.7.2(@rspack/core@0.7.1):
    resolution: {integrity: sha512-uVXGYq19bcsX7Q/53VqXQjCKXw0eUMHlFGDLTaqzgj/ckverfhZQvXyA6ecFBaF9XUH16jfCTCyALYi0lJcagg==}
    engines: {node: '>=10.13.0'}
    peerDependencies:
      '@rspack/core': 0.x || 1.x
    peerDependenciesMeta:
      '@rspack/core':
        optional: true
    dependencies:
      '@rspack/core': 0.7.1(@swc/helpers@0.5.3)
    dev: true

  /js-tokens@4.0.0:
    resolution: {integrity: sha512-RdJUflcE3cUzKiMqQgsCu06FPu9UdIJO0beYbPhHN4k6apgJtifcoCtT9bcxOpYBtpD2kCM6Sbzg4CausW/PKQ==}
    dev: false

  /loose-envify@1.4.0:
    resolution: {integrity: sha512-lyuxPGr/Wfhrlem2CL/UcnUc1zcqKAImBDzukY7Y5F/yQiNdko6+fRLevlw1HgMySw7f611UIY408EtxRSoK3Q==}
    hasBin: true
    dependencies:
      js-tokens: 4.0.0
    dev: false

  /nanoid@3.3.7:
    resolution: {integrity: sha512-eSRppjcPIatRIMC1U6UngP8XFcz8MQWGQdt1MTBQ7NaAmvXDfvNxbvWV3x2y6CdEUciCSsDHDQZbhYaB8QEo2g==}
    engines: {node: ^10 || ^12 || ^13.7 || ^14 || >=15.0.1}
    hasBin: true
    dev: true

  /picocolors@1.0.1:
    resolution: {integrity: sha512-anP1Z8qwhkbmu7MFP5iTt+wQKXgwzf7zTyGlcdzabySa9vd0Xt392U0rVmz9poOaBj0uHJKyyo9/upk0HrEQew==}
    dev: true

  /postcss@8.4.38:
    resolution: {integrity: sha512-Wglpdk03BSfXkHoQa3b/oulrotAkwrlLDRSOb9D0bN86FdRyE9lppSp33aHNPgBa0JKCoB+drFLZkQoRRYae5A==}
    engines: {node: ^10 || ^12 || >=14}
    dependencies:
      nanoid: 3.3.7
      picocolors: 1.0.1
      source-map-js: 1.2.0
    dev: true

  /react-dom@18.3.1(react@18.3.1):
    resolution: {integrity: sha512-5m4nQKp+rZRb09LNH59GM4BxTh9251/ylbKIbpe7TpGxfJ+9kv6BLkLBXIjjspbgbnIBNqlI23tRnTWT0snUIw==}
    peerDependencies:
      react: ^18.3.1
    dependencies:
      loose-envify: 1.4.0
      react: 18.3.1
      scheduler: 0.23.2
    dev: false

  /react-refresh@0.14.2:
    resolution: {integrity: sha512-jCvmsr+1IUSMUyzOkRcvnVbX3ZYC6g9TDrDbFuFmRDq7PD4yaGbLKNQL6k2jnArV8hjYxh7hVhAZB6s9HDGpZA==}
    engines: {node: '>=0.10.0'}
    dev: true

  /react@18.3.1:
    resolution: {integrity: sha512-wS+hAgJShR0KhEvPJArfuPVN1+Hz1t0Y6n5jLrGQbkb4urgPE/0Rve+1kMB1v/oWgHgm4WIcV+i7F2pTVj+2iQ==}
    engines: {node: '>=0.10.0'}
    dependencies:
      loose-envify: 1.4.0
    dev: false

  /scheduler@0.23.2:
    resolution: {integrity: sha512-UOShsPwz7NrMUqhR6t0hWjFduvOzbtv7toDH1/hIrfRNIDBnnBWd0CwJTGvTpngVlmwGCdP9/Zl/tVrDqcuYzQ==}
    dependencies:
      loose-envify: 1.4.0
    dev: false

  /source-map-js@1.2.0:
    resolution: {integrity: sha512-itJW8lvSA0TXEphiRoawsCksnlf8SyvmFzIhltqAHluXd88pkCd+cXJVHTDwdCr0IzwptSm035IHQktUu1QUMg==}
    engines: {node: '>=0.10.0'}
    dev: true

  /tapable@2.2.1:
    resolution: {integrity: sha512-GNzQvQTOIP6RyTfE2Qxb8ZVlNmw0n88vp1szwWRimP02mnTsx3Wtn5qRdqY9w2XduFNUgvOwhNnQsjwCp+kqaQ==}
    engines: {node: '>=6'}
    dev: true

  /tslib@2.6.3:
    resolution: {integrity: sha512-xNvxJEOUiWPGhUuUdQgAJPKOOJfGnIyKySOc09XkKsgdUV/3E2zvwZYdejjmRgPCgcym1juLH3226yA7sEFJKQ==}
    dev: true

  /typescript@5.4.5:
    resolution: {integrity: sha512-vcI4UpRgg81oIRUFwR0WSIHKt11nJ7SAVlYNIu+QpqeyXP+gpQJy/Z4+F0aGxSE4MqwjyXvW/TzgkLAx2AGHwQ==}
    engines: {node: '>=14.17'}
    hasBin: true
    dev: true

  /webpack-sources@3.2.3:
    resolution: {integrity: sha512-/DyMEOrDgLKKIG0fmvtz+4dUX/3Ghozwgm6iPp8KRhvn+eQf9+Q7GWxVNMk3+uCPWfdXYC4ExGBckIXdFEfH1w==}
    engines: {node: '>=10.13.0'}
    dev: true
